
Microsoft Visual Studio Solution File, Format Version 12.00
# Visual Studio Version 17
VisualStudioVersion = 17.3.32929.385
MinimumVisualStudioVersion = 10.0.40219.1
Project("{FAE04EC0-301F-11D3-BF4B-00C04F79EFBC}") = "Conference", "Conference\Conference.csproj", "{2607A8DB-4A1E-41AB-8D33-816B374194B1}"
EndProject
Global
	GlobalSection(SolutionConfigurationPlatforms) = preSolution
		Debug|Any CPU = Debug|Any CPU
		Release|Any CPU = Release|Any CPU
	EndGlobalSection
	GlobalSection(ProjectConfigurationPlatforms) = postSolution
		{2607A8DB-4A1E-41AB-8D33-816B374194B1}.Debug|Any CPU.ActiveCfg = Debug|Any CPU
		{2607A8DB-4A1E-41AB-8D33-816B374194B1}.Debug|Any CPU.Build.0 = Debug|Any CPU
		{2607A8DB-4A1E-41AB-8D33-816B374194B1}.Release|Any CPU.ActiveCfg = Release|Any CPU
		{2607A8DB-4A1E-41AB-8D33-816B374194B1}.Release|Any CPU.Build.0 = Release|Any CPU
	EndGlobalSection
	GlobalSection(SolutionProperties) = preSolution
		HideSolutionNode = FALSE
	EndGlobalSection
	GlobalSection(ExtensibilityGlobals) = postSolution
		SolutionGuid = {56B36E0C-0626-43C2-A882-F486267BB138}
	EndGlobalSection
EndGlobal
